
Microsoft Visual Studio Solution File, Format Version 12.00
# Visual Studio Version 17
VisualStudioVersion = 17.14.36429.23 d17.14
MinimumVisualStudioVersion = 10.0.40219.1
Project("{FAE04EC0-301F-11D3-BF4B-00C04F79EFBC}") = "BPD_01", "BPD_01.csproj", "{180911B2-86B3-48D3-8E76-99FFFBC6C34D}"
EndProject
Global
	GlobalSection(SolutionConfigurationPlatforms) = preSolution
		Debug|Any CPU = Debug|Any CPU
		Release|Any CPU = Release|Any CPU
	EndGlobalSection
	GlobalSection(ProjectConfigurationPlatforms) = postSolution
		{180911B2-86B3-48D3-8E76-99FFFBC6C34D}.Debug|Any CPU.ActiveCfg = Debug|Any CPU
		{180911B2-86B3-48D3-8E76-99FFFBC6C34D}.Debug|Any CPU.Build.0 = Debug|Any CPU
		{180911B2-86B3-48D3-8E76-99FFFBC6C34D}.Release|Any CPU.ActiveCfg = Release|Any CPU
		{180911B2-86B3-48D3-8E76-99FFFBC6C34D}.Release|Any CPU.Build.0 = Release|Any CPU
	EndGlobalSection
	GlobalSection(SolutionProperties) = preSolution
		HideSolutionNode = FALSE
	EndGlobalSection
	GlobalSection(ExtensibilityGlobals) = postSolution
		SolutionGuid = {41F49D76-CF3B-469A-A313-C716487E1DD9}
	EndGlobalSection
EndGlobal
