
Microsoft Visual Studio Solution File, Format Version 12.00
# Visual Studio Version 17
VisualStudioVersion = 17.14.36705.20 d17.14
MinimumVisualStudioVersion = 10.0.40219.1
Project("{FAE04EC0-301F-11D3-BF4B-00C04F79EFBC}") = "BPD_05", "BPD_05.csproj", "{82A0733A-0134-46C0-8838-1548F480860A}"
EndProject
Global
	GlobalSection(SolutionConfigurationPlatforms) = preSolution
		Debug|Any CPU = Debug|Any CPU
		Release|Any CPU = Release|Any CPU
	EndGlobalSection
	GlobalSection(ProjectConfigurationPlatforms) = postSolution
		{82A0733A-0134-46C0-8838-1548F480860A}.Debug|Any CPU.ActiveCfg = Debug|Any CPU
		{82A0733A-0134-46C0-8838-1548F480860A}.Debug|Any CPU.Build.0 = Debug|Any CPU
		{82A0733A-0134-46C0-8838-1548F480860A}.Release|Any CPU.ActiveCfg = Release|Any CPU
		{82A0733A-0134-46C0-8838-1548F480860A}.Release|Any CPU.Build.0 = Release|Any CPU
	EndGlobalSection
	GlobalSection(SolutionProperties) = preSolution
		HideSolutionNode = FALSE
	EndGlobalSection
	GlobalSection(ExtensibilityGlobals) = postSolution
		SolutionGuid = {F6628FF9-BFC8-4C0D-8DE0-88ACB85D2D39}
	EndGlobalSection
EndGlobal
